
Microsoft Visual Studio Solution File, Format Version 12.00
# Visual Studio 14
VisualStudioVersion = 14.0.25420.1
MinimumVisualStudioVersion = 10.0.40219.1
Project("{8BC9CEB8-8B4A-11D0-8D11-00A0C91BC942}") = "Tutorial - 0003", "..\Tutorial - 0003\Tutorial - 0003.vcxproj", "{2A941D87-0D17-4DA8-BA5C-D7AE7C25AB6C}"
EndProject
Project("{8BC9CEB8-8B4A-11D0-8D11-00A0C91BC942}") = "Tutorial - 0004", "..\Tutorial - 0004\Tutorial - 0004.vcxproj", "{32D34A0A-2DB0-48AB-9131-BAF5B9163ED6}"
EndProject
Project("{8BC9CEB8-8B4A-11D0-8D11-00A0C91BC942}") = "Tutorial - 0005 - GLFW Example", "..\Tutorial - 0005 - GLFW Example\Tutorial - 0005 - GLFW Example.vcxproj", "{C28DB1E9-349C-4BB3-A1C6-51B81ECF1679}"
EndProject
Project("{8BC9CEB8-8B4A-11D0-8D11-00A0C91BC942}") = "Tutorial - 0005", "..\Tutorial - 0005\Tutorial - 0005.vcxproj", "{968B9CE0-20EB-4E6B-883A-F3B1B2FEDDBF}"
EndProject
Project("{8BC9CEB8-8B4A-11D0-8D11-00A0C91BC942}") = "Tutorial - 0006", "..\Tutorial - 0006\Tutorial - 0006.vcxproj", "{91AFDEC2-38EC-472F-8E6A-0F6A4E75FF7F}"
EndProject
Project("{8BC9CEB8-8B4A-11D0-8D11-00A0C91BC942}") = "Tutorial - 0007", "..\Tutorial - 0007\Tutorial - 0007.vcxproj", "{D4B7C450-67CD-479F-9063-69FD3395F226}"
EndProject
Project("{8BC9CEB8-8B4A-11D0-8D11-00A0C91BC942}") = "Tutorial - 0008", "..\Tutorial - 0008\Tutorial - 0008.vcxproj", "{0042ED50-505F-4368-BD0C-A894BE0A76F0}"
EndProject
Project("{8BC9CEB8-8B4A-11D0-8D11-00A0C91BC942}") = "Tutorial - 0009", "..\Tutorial - 0009\Tutorial - 0009.vcxproj", "{95B43C13-1E92-47CC-A533-C5C4390BBA35}"
EndProject
Project("{8BC9CEB8-8B4A-11D0-8D11-00A0C91BC942}") = "Tutorial - 0010", "..\Tutorial - 0010\Tutorial - 0010.vcxproj", "{98AB4A84-F065-4F8E-A9ED-275409912A5F}"
EndProject
Global
	GlobalSection(SolutionConfigurationPlatforms) = preSolution
		Debug|x64 = Debug|x64
		Debug|x86 = Debug|x86
		Release|x64 = Release|x64
		Release|x86 = Release|x86
	EndGlobalSection
	GlobalSection(ProjectConfigurationPlatforms) = postSolution
		{2A941D87-0D17-4DA8-BA5C-D7AE7C25AB6C}.Debug|x64.ActiveCfg = Debug|x64
		{2A941D87-0D17-4DA8-BA5C-D7AE7C25AB6C}.Debug|x64.Build.0 = Debug|x64
		{2A941D87-0D17-4DA8-BA5C-D7AE7C25AB6C}.Debug|x86.ActiveCfg = Debug|Win32
		{2A941D87-0D17-4DA8-BA5C-D7AE7C25AB6C}.Debug|x86.Build.0 = Debug|Win32
		{2A941D87-0D17-4DA8-BA5C-D7AE7C25AB6C}.Release|x64.ActiveCfg = Release|x64
		{2A941D87-0D17-4DA8-BA5C-D7AE7C25AB6C}.Release|x64.Build.0 = Release|x64
		{2A941D87-0D17-4DA8-BA5C-D7AE7C25AB6C}.Release|x86.ActiveCfg = Release|Win32
		{2A941D87-0D17-4DA8-BA5C-D7AE7C25AB6C}.Release|x86.Build.0 = Release|Win32
		{32D34A0A-2DB0-48AB-9131-BAF5B9163ED6}.Debug|x64.ActiveCfg = Debug|x64
		{32D34A0A-2DB0-48AB-9131-BAF5B9163ED6}.Debug|x64.Build.0 = Debug|x64
		{32D34A0A-2DB0-48AB-9131-BAF5B9163ED6}.Debug|x86.ActiveCfg = Debug|Win32
		{32D34A0A-2DB0-48AB-9131-BAF5B9163ED6}.Debug|x86.Build.0 = Debug|Win32
		{32D34A0A-2DB0-48AB-9131-BAF5B9163ED6}.Release|x64.ActiveCfg = Release|x64
		{32D34A0A-2DB0-48AB-9131-BAF5B9163ED6}.Release|x64.Build.0 = Release|x64
		{32D34A0A-2DB0-48AB-9131-BAF5B9163ED6}.Release|x86.ActiveCfg = Release|Win32
		{32D34A0A-2DB0-48AB-9131-BAF5B9163ED6}.Release|x86.Build.0 = Release|Win32
		{C28DB1E9-349C-4BB3-A1C6-51B81ECF1679}.Debug|x64.ActiveCfg = Debug|x64
		{C28DB1E9-349C-4BB3-A1C6-51B81ECF1679}.Debug|x64.Build.0 = Debug|x64
		{C28DB1E9-349C-4BB3-A1C6-51B81ECF1679}.Debug|x86.ActiveCfg = Debug|Win32
		{C28DB1E9-349C-4BB3-A1C6-51B81ECF1679}.Debug|x86.Build.0 = Debug|Win32
		{C28DB1E9-349C-4BB3-A1C6-51B81ECF1679}.Release|x64.ActiveCfg = Release|x64
		{C28DB1E9-349C-4BB3-A1C6-51B81ECF1679}.Release|x64.Build.0 = Release|x64
		{C28DB1E9-349C-4BB3-A1C6-51B81ECF1679}.Release|x86.ActiveCfg = Release|Win32
		{C28DB1E9-349C-4BB3-A1C6-51B81ECF1679}.Release|x86.Build.0 = Release|Win32
		{968B9CE0-20EB-4E6B-883A-F3B1B2FEDDBF}.Debug|x64.ActiveCfg = Debug|x64
		{968B9CE0-20EB-4E6B-883A-F3B1B2FEDDBF}.Debug|x64.Build.0 = Debug|x64
		{968B9CE0-20EB-4E6B-883A-F3B1B2FEDDBF}.Debug|x86.ActiveCfg = Debug|Win32
		{968B9CE0-20EB-4E6B-883A-F3B1B2FEDDBF}.Debug|x86.Build.0 = Debug|Win32
		{968B9CE0-20EB-4E6B-883A-F3B1B2FEDDBF}.Release|x64.ActiveCfg = Release|x64
		{968B9CE0-20EB-4E6B-883A-F3B1B2FEDDBF}.Release|x64.Build.0 = Release|x64
		{968B9CE0-20EB-4E6B-883A-F3B1B2FEDDBF}.Release|x86.ActiveCfg = Release|Win32
		{968B9CE0-20EB-4E6B-883A-F3B1B2FEDDBF}.Release|x86.Build.0 = Release|Win32
		{91AFDEC2-38EC-472F-8E6A-0F6A4E75FF7F}.Debug|x64.ActiveCfg = Debug|x64
		{91AFDEC2-38EC-472F-8E6A-0F6A4E75FF7F}.Debug|x64.Build.0 = Debug|x64
		{91AFDEC2-38EC-472F-8E6A-0F6A4E75FF7F}.Debug|x86.ActiveCfg = Debug|Win32
		{91AFDEC2-38EC-472F-8E6A-0F6A4E75FF7F}.Debug|x86.Build.0 = Debug|Win32
		{91AFDEC2-38EC-472F-8E6A-0F6A4E75FF7F}.Release|x64.ActiveCfg = Release|x64
		{91AFDEC2-38EC-472F-8E6A-0F6A4E75FF7F}.Release|x64.Build.0 = Release|x64
		{91AFDEC2-38EC-472F-8E6A-0F6A4E75FF7F}.Release|x86.ActiveCfg = Release|Win32
		{91AFDEC2-38EC-472F-8E6A-0F6A4E75FF7F}.Release|x86.Build.0 = Release|Win32
		{D4B7C450-67CD-479F-9063-69FD3395F226}.Debug|x64.ActiveCfg = Debug|x64
		{D4B7C450-67CD-479F-9063-69FD3395F226}.Debug|x64.Build.0 = Debug|x64
		{D4B7C450-67CD-479F-9063-69FD3395F226}.Debug|x86.ActiveCfg = Debug|Win32
		{D4B7C450-67CD-479F-9063-69FD3395F226}.Debug|x86.Build.0 = Debug|Win32
		{D4B7C450-67CD-479F-9063-69FD3395F226}.Release|x64.ActiveCfg = Release|x64
		{D4B7C450-67CD-479F-9063-69FD3395F226}.Release|x64.Build.0 = Release|x64
		{D4B7C450-67CD-479F-9063-69FD3395F226}.Release|x86.ActiveCfg = Release|Win32
		{D4B7C450-67CD-479F-9063-69FD3395F226}.Release|x86.Build.0 = Release|Win32
		{0042ED50-505F-4368-BD0C-A894BE0A76F0}.Debug|x64.ActiveCfg = Debug|x64
		{0042ED50-505F-4368-BD0C-A894BE0A76F0}.Debug|x64.Build.0 = Debug|x64
		{0042ED50-505F-4368-BD0C-A894BE0A76F0}.Debug|x86.ActiveCfg = Debug|Win32
		{0042ED50-505F-4368-BD0C-A894BE0A76F0}.Debug|x86.Build.0 = Debug|Win32
		{0042ED50-505F-4368-BD0C-A894BE0A76F0}.Release|x64.ActiveCfg = Release|x64
		{0042ED50-505F-4368-BD0C-A894BE0A76F0}.Release|x64.Build.0 = Release|x64
		{0042ED50-505F-4368-BD0C-A894BE0A76F0}.Release|x86.ActiveCfg = Release|Win32
		{0042ED50-505F-4368-BD0C-A894BE0A76F0}.Release|x86.Build.0 = Release|Win32
		{95B43C13-1E92-47CC-A533-C5C4390BBA35}.Debug|x64.ActiveCfg = Debug|x64
		{95B43C13-1E92-47CC-A533-C5C4390BBA35}.Debug|x64.Build.0 = Debug|x64
		{95B43C13-1E92-47CC-A533-C5C4390BBA35}.Debug|x86.ActiveCfg = Debug|Win32
		{95B43C13-1E92-47CC-A533-C5C4390BBA35}.Debug|x86.Build.0 = Debug|Win32
		{95B43C13-1E92-47CC-A533-C5C4390BBA35}.Release|x64.ActiveCfg = Release|x64
		{95B43C13-1E92-47CC-A533-C5C4390BBA35}.Release|x64.Build.0 = Release|x64
		{95B43C13-1E92-47CC-A533-C5C4390BBA35}.Release|x86.ActiveCfg = Release|Win32
		{95B43C13-1E92-47CC-A533-C5C4390BBA35}.Release|x86.Build.0 = Release|Win32
		{98AB4A84-F065-4F8E-A9ED-275409912A5F}.Debug|x64.ActiveCfg = Debug|x64
		{98AB4A84-F065-4F8E-A9ED-275409912A5F}.Debug|x64.Build.0 = Debug|x64
		{98AB4A84-F065-4F8E-A9ED-275409912A5F}.Debug|x86.ActiveCfg = Debug|Win32
		{98AB4A84-F065-4F8E-A9ED-275409912A5F}.Debug|x86.Build.0 = Debug|Win32
		{98AB4A84-F065-4F8E-A9ED-275409912A5F}.Release|x64.ActiveCfg = Release|x64
		{98AB4A84-F065-4F8E-A9ED-275409912A5F}.Release|x64.Build.0 = Release|x64
		{98AB4A84-F065-4F8E-A9ED-275409912A5F}.Release|x86.ActiveCfg = Release|Win32
		{98AB4A84-F065-4F8E-A9ED-275409912A5F}.Release|x86.Build.0 = Release|Win32
	EndGlobalSection
	GlobalSection(SolutionProperties) = preSolution
		HideSolutionNode = FALSE
	EndGlobalSection
EndGlobal
